// !$*UTF8*$!
{
	archiveVersion = 1;
	classes = {
	};
	objectVersion = 46;
	objects = {

/* Begin PBXBuildFile section */
		350443851F300B9A0010BB3B /* Player.swift in Sources */ = {isa = PBXBuildFile; fileRef = 350443841F300B9A0010BB3B /* Player.swift */; };
		352ED0D31F314AC6009999FB /* ActionCollectionViewCell.swift in Sources */ = {isa = PBXBuildFile; fileRef = 352ED0D21F314AC6009999FB /* ActionCollectionViewCell.swift */; };
		352ED0D51F314D1C009999FB /* ViewControllerCollectionViews.swift in Sources */ = {isa = PBXBuildFile; fileRef = 352ED0D41F314D1C009999FB /* ViewControllerCollectionViews.swift */; };
		35419A171F45275E00887538 /* CountingCell.xib in Resources */ = {isa = PBXBuildFile; fileRef = 35419A161F45275E00887538 /* CountingCell.xib */; };
		35419A191F4528B000887538 /* CountingCell.swift in Sources */ = {isa = PBXBuildFile; fileRef = 35419A181F4528B000887538 /* CountingCell.swift */; };
		354D0AE31F70910C00064DE4 /* DamageTypeStackView.swift in Sources */ = {isa = PBXBuildFile; fileRef = 354D0AE21F70910C00064DE4 /* DamageTypeStackView.swift */; };
		354D0AE51F70AD8A00064DE4 /* DamageTypeCatalogued.swift in Sources */ = {isa = PBXBuildFile; fileRef = 354D0AE41F70AD8A00064DE4 /* DamageTypeCatalogued.swift */; };
		3550BDEC1F20274C00D3987B /* CharacterPageViewController.swift in Sources */ = {isa = PBXBuildFile; fileRef = 3550BDEB1F20274C00D3987B /* CharacterPageViewController.swift */; };
		3555C51E1F47C2FC00C3E304 /* ActionCell.xib in Resources */ = {isa = PBXBuildFile; fileRef = 3555C51D1F47C2FC00C3E304 /* ActionCell.xib */; };
		356C15B41F8845FE008FA70C /* Schemes.swift in Sources */ = {isa = PBXBuildFile; fileRef = 356C15B31F8845FE008FA70C /* Schemes.swift */; };
		356C15B61F8847FC008FA70C /* Schema.swift in Sources */ = {isa = PBXBuildFile; fileRef = 356C15B51F8847FC008FA70C /* Schema.swift */; };
		356C15B81F8859D8008FA70C /* Labels.swift in Sources */ = {isa = PBXBuildFile; fileRef = 356C15B71F8859D8008FA70C /* Labels.swift */; };
		3571C5871F6A0F9D00DA81F4 /* CharacterSelectCell.swift in Sources */ = {isa = PBXBuildFile; fileRef = 3571C5861F6A0F9D00DA81F4 /* CharacterSelectCell.swift */; };
		3571C5891F6A12BF00DA81F4 /* CharacterSelectViewController.swift in Sources */ = {isa = PBXBuildFile; fileRef = 3571C5881F6A12BF00DA81F4 /* CharacterSelectViewController.swift */; };
		358128301F30FCC000CDB16D /* DamageType.swift in Sources */ = {isa = PBXBuildFile; fileRef = 3581282F1F30FCC000CDB16D /* DamageType.swift */; };
		358128321F31345400CDB16D /* HealthTrackTableCell.swift in Sources */ = {isa = PBXBuildFile; fileRef = 358128311F31345400CDB16D /* HealthTrackTableCell.swift */; };
		358128341F31362F00CDB16D /* PlayerViewController.swift in Sources */ = {isa = PBXBuildFile; fileRef = 358128331F31362F00CDB16D /* PlayerViewController.swift */; };
		358128361F31367400CDB16D /* CharacterManager(debug).swift in Sources */ = {isa = PBXBuildFile; fileRef = 358128351F31367400CDB16D /* CharacterManager(debug).swift */; };
		3581833C1F268E7000D6EA72 /* ViewControllerTableView.swift in Sources */ = {isa = PBXBuildFile; fileRef = 3581833B1F268E7000D6EA72 /* ViewControllerTableView.swift */; };
		3581833E1F26950600D6EA72 /* ResistanceTableViewCell.swift in Sources */ = {isa = PBXBuildFile; fileRef = 3581833D1F26950600D6EA72 /* ResistanceTableViewCell.swift */; };
		3584973F1F30117900B5F70E /* accessorArray.swift in Sources */ = {isa = PBXBuildFile; fileRef = 3584973E1F30117900B5F70E /* accessorArray.swift */; };
		358AE11E1F3558C000F96FBC /* DamageModCreationViewController.swift in Sources */ = {isa = PBXBuildFile; fileRef = 358AE11D1F3558C000F96FBC /* DamageModCreationViewController.swift */; };
		358AE1201F355E9200F96FBC /* DamageModCell.swift in Sources */ = {isa = PBXBuildFile; fileRef = 358AE11F1F355E9200F96FBC /* DamageModCell.swift */; };
		3591AEC41F7C7EDC0033913D /* CoreDataManager.swift in Sources */ = {isa = PBXBuildFile; fileRef = 3591AEC31F7C7EDC0033913D /* CoreDataManager.swift */; };
		3591AEC61F7C837A0033913D /* CharacterBuilder.swift in Sources */ = {isa = PBXBuildFile; fileRef = 3591AEC51F7C837A0033913D /* CharacterBuilder.swift */; };
		35A7E44C1F104C3F002D6582 /* d20Enums.swift in Sources */ = {isa = PBXBuildFile; fileRef = 35A7E44B1F104C3F002D6582 /* d20Enums.swift */; };
		35B202801F1D945900EE02C4 /* CreationViewController.swift in Sources */ = {isa = PBXBuildFile; fileRef = 35B2027F1F1D945900EE02C4 /* CreationViewController.swift */; };
		35B3AFE31F0DB46600C695C9 /* AppDelegate.swift in Sources */ = {isa = PBXBuildFile; fileRef = 35B3AFE21F0DB46600C695C9 /* AppDelegate.swift */; };
		35B3AFE81F0DB46600C695C9 /* Main.storyboard in Resources */ = {isa = PBXBuildFile; fileRef = 35B3AFE61F0DB46600C695C9 /* Main.storyboard */; };
		35B3AFEB1F0DB46600C695C9 /* RPG_Health_Tracker.xcdatamodeld in Sources */ = {isa = PBXBuildFile; fileRef = 35B3AFE91F0DB46600C695C9 /* RPG_Health_Tracker.xcdatamodeld */; };
		35B3AFED1F0DB46600C695C9 /* Assets.xcassets in Resources */ = {isa = PBXBuildFile; fileRef = 35B3AFEC1F0DB46600C695C9 /* Assets.xcassets */; };
		35B3AFF01F0DB46600C695C9 /* LaunchScreen.storyboard in Resources */ = {isa = PBXBuildFile; fileRef = 35B3AFEE1F0DB46600C695C9 /* LaunchScreen.storyboard */; };
		35B3AFFD1F0DB64E00C695C9 /* HealthTrack.swift in Sources */ = {isa = PBXBuildFile; fileRef = 35B3AFFC1F0DB64E00C695C9 /* HealthTrack.swift */; };
		35B3B0001F0DB76300C695C9 /* HealthResistenced20.swift in Sources */ = {isa = PBXBuildFile; fileRef = 35B3AFFF1F0DB76300C695C9 /* HealthResistenced20.swift */; };
		35B3B0031F0DB79E00C695C9 /* d20ConstantStrings.swift in Sources */ = {isa = PBXBuildFile; fileRef = 35B3B0021F0DB79E00C695C9 /* d20ConstantStrings.swift */; };
		35B3B0061F0DB89D00C695C9 /* Actiond20.swift in Sources */ = {isa = PBXBuildFile; fileRef = 35B3B0051F0DB89D00C695C9 /* Actiond20.swift */; };
		35D0D9E61F959D7F00954540 /* NewDamageTypeCell.swift in Sources */ = {isa = PBXBuildFile; fileRef = 35D0D9E51F959D7F00954540 /* NewDamageTypeCell.swift */; };
		35DD16191F3BE481004B75E8 /* Primitives.swift in Sources */ = {isa = PBXBuildFile; fileRef = 35DD16181F3BE481004B75E8 /* Primitives.swift */; };
		35F5A1D81F266230006898BB /* Toolbar.swift in Sources */ = {isa = PBXBuildFile; fileRef = 35F5A1D71F266230006898BB /* Toolbar.swift */; };
		35F5A1DA1F266ED8006898BB /* ViewControllerPickerViews.swift in Sources */ = {isa = PBXBuildFile; fileRef = 35F5A1D91F266ED8006898BB /* ViewControllerPickerViews.swift */; };
		35FDF8A91F83084C00BC50E7 /* AddCell.xib in Resources */ = {isa = PBXBuildFile; fileRef = 35FDF8A81F83084C00BC50E7 /* AddCell.xib */; };
/* End PBXBuildFile section */

/* Begin PBXFileReference section */
		350443841F300B9A0010BB3B /* Player.swift */ = {isa = PBXFileReference; fileEncoding = 4; lastKnownFileType = sourcecode.swift; path = Player.swift; sourceTree = "<group>"; };
		352ED0D21F314AC6009999FB /* ActionCollectionViewCell.swift */ = {isa = PBXFileReference; fileEncoding = 4; lastKnownFileType = sourcecode.swift; path = ActionCollectionViewCell.swift; sourceTree = "<group>"; };
		352ED0D41F314D1C009999FB /* ViewControllerCollectionViews.swift */ = {isa = PBXFileReference; fileEncoding = 4; lastKnownFileType = sourcecode.swift; path = ViewControllerCollectionViews.swift; sourceTree = "<group>"; };
		35419A161F45275E00887538 /* CountingCell.xib */ = {isa = PBXFileReference; fileEncoding = 4; lastKnownFileType = file.xib; path = CountingCell.xib; sourceTree = "<group>"; };
		35419A181F4528B000887538 /* CountingCell.swift */ = {isa = PBXFileReference; fileEncoding = 4; lastKnownFileType = sourcecode.swift; path = CountingCell.swift; sourceTree = "<group>"; };
		354D0AE21F70910C00064DE4 /* DamageTypeStackView.swift */ = {isa = PBXFileReference; fileEncoding = 4; lastKnownFileType = sourcecode.swift; path = DamageTypeStackView.swift; sourceTree = "<group>"; };
		354D0AE41F70AD8A00064DE4 /* DamageTypeCatalogued.swift */ = {isa = PBXFileReference; fileEncoding = 4; lastKnownFileType = sourcecode.swift; path = DamageTypeCatalogued.swift; sourceTree = "<group>"; };
		3550BDEB1F20274C00D3987B /* CharacterPageViewController.swift */ = {isa = PBXFileReference; fileEncoding = 4; lastKnownFileType = sourcecode.swift; path = CharacterPageViewController.swift; sourceTree = "<group>"; };
		3555C51D1F47C2FC00C3E304 /* ActionCell.xib */ = {isa = PBXFileReference; fileEncoding = 4; lastKnownFileType = file.xib; path = ActionCell.xib; sourceTree = "<group>"; };
		356C15B31F8845FE008FA70C /* Schemes.swift */ = {isa = PBXFileReference; lastKnownFileType = sourcecode.swift; path = Schemes.swift; sourceTree = "<group>"; };
		356C15B51F8847FC008FA70C /* Schema.swift */ = {isa = PBXFileReference; lastKnownFileType = sourcecode.swift; path = Schema.swift; sourceTree = "<group>"; };
		356C15B71F8859D8008FA70C /* Labels.swift */ = {isa = PBXFileReference; lastKnownFileType = sourcecode.swift; path = Labels.swift; sourceTree = "<group>"; };
		3571C5861F6A0F9D00DA81F4 /* CharacterSelectCell.swift */ = {isa = PBXFileReference; fileEncoding = 4; lastKnownFileType = sourcecode.swift; path = CharacterSelectCell.swift; sourceTree = "<group>"; };
		3571C5881F6A12BF00DA81F4 /* CharacterSelectViewController.swift */ = {isa = PBXFileReference; fileEncoding = 4; lastKnownFileType = sourcecode.swift; path = CharacterSelectViewController.swift; sourceTree = "<group>"; };
		3581282F1F30FCC000CDB16D /* DamageType.swift */ = {isa = PBXFileReference; fileEncoding = 4; lastKnownFileType = sourcecode.swift; path = DamageType.swift; sourceTree = "<group>"; };
		358128311F31345400CDB16D /* HealthTrackTableCell.swift */ = {isa = PBXFileReference; fileEncoding = 4; lastKnownFileType = sourcecode.swift; path = HealthTrackTableCell.swift; sourceTree = "<group>"; };
		358128331F31362F00CDB16D /* PlayerViewController.swift */ = {isa = PBXFileReference; fileEncoding = 4; lastKnownFileType = sourcecode.swift; path = PlayerViewController.swift; sourceTree = "<group>"; };
		358128351F31367400CDB16D /* CharacterManager(debug).swift */ = {isa = PBXFileReference; fileEncoding = 4; lastKnownFileType = sourcecode.swift; path = "CharacterManager(debug).swift"; sourceTree = "<group>"; };
		3581833B1F268E7000D6EA72 /* ViewControllerTableView.swift */ = {isa = PBXFileReference; fileEncoding = 4; lastKnownFileType = sourcecode.swift; path = ViewControllerTableView.swift; sourceTree = "<group>"; };
		3581833D1F26950600D6EA72 /* ResistanceTableViewCell.swift */ = {isa = PBXFileReference; fileEncoding = 4; lastKnownFileType = sourcecode.swift; path = ResistanceTableViewCell.swift; sourceTree = "<group>"; };
		3584973E1F30117900B5F70E /* accessorArray.swift */ = {isa = PBXFileReference; fileEncoding = 4; lastKnownFileType = sourcecode.swift; path = accessorArray.swift; sourceTree = "<group>"; };
		358AE11D1F3558C000F96FBC /* DamageModCreationViewController.swift */ = {isa = PBXFileReference; fileEncoding = 4; lastKnownFileType = sourcecode.swift; path = DamageModCreationViewController.swift; sourceTree = "<group>"; };
		358AE11F1F355E9200F96FBC /* DamageModCell.swift */ = {isa = PBXFileReference; fileEncoding = 4; lastKnownFileType = sourcecode.swift; path = DamageModCell.swift; sourceTree = "<group>"; };
		3591AEC31F7C7EDC0033913D /* CoreDataManager.swift */ = {isa = PBXFileReference; lastKnownFileType = sourcecode.swift; path = CoreDataManager.swift; sourceTree = "<group>"; };
		3591AEC51F7C837A0033913D /* CharacterBuilder.swift */ = {isa = PBXFileReference; lastKnownFileType = sourcecode.swift; path = CharacterBuilder.swift; sourceTree = "<group>"; };
		35A7E44B1F104C3F002D6582 /* d20Enums.swift */ = {isa = PBXFileReference; fileEncoding = 4; lastKnownFileType = sourcecode.swift; path = d20Enums.swift; sourceTree = "<group>"; };
		35B2027F1F1D945900EE02C4 /* CreationViewController.swift */ = {isa = PBXFileReference; fileEncoding = 4; lastKnownFileType = sourcecode.swift; path = CreationViewController.swift; sourceTree = "<group>"; };
		35B3AFDF1F0DB46600C695C9 /* RPG_Health_Tracker.app */ = {isa = PBXFileReference; explicitFileType = wrapper.application; includeInIndex = 0; path = RPG_Health_Tracker.app; sourceTree = BUILT_PRODUCTS_DIR; };
		35B3AFE21F0DB46600C695C9 /* AppDelegate.swift */ = {isa = PBXFileReference; lastKnownFileType = sourcecode.swift; path = AppDelegate.swift; sourceTree = "<group>"; };
		35B3AFE71F0DB46600C695C9 /* Base */ = {isa = PBXFileReference; lastKnownFileType = file.storyboard; name = Base; path = Base.lproj/Main.storyboard; sourceTree = "<group>"; };
		35B3AFEA1F0DB46600C695C9 /* RPG_Health_Tracker.xcdatamodel */ = {isa = PBXFileReference; lastKnownFileType = wrapper.xcdatamodel; path = RPG_Health_Tracker.xcdatamodel; sourceTree = "<group>"; };
		35B3AFEC1F0DB46600C695C9 /* Assets.xcassets */ = {isa = PBXFileReference; lastKnownFileType = folder.assetcatalog; path = Assets.xcassets; sourceTree = "<group>"; };
		35B3AFEF1F0DB46600C695C9 /* Base */ = {isa = PBXFileReference; lastKnownFileType = file.storyboard; name = Base; path = Base.lproj/LaunchScreen.storyboard; sourceTree = "<group>"; };
		35B3AFF11F0DB46600C695C9 /* Info.plist */ = {isa = PBXFileReference; lastKnownFileType = text.plist.xml; path = Info.plist; sourceTree = "<group>"; };
		35B3AFFC1F0DB64E00C695C9 /* HealthTrack.swift */ = {isa = PBXFileReference; fileEncoding = 4; lastKnownFileType = sourcecode.swift; path = HealthTrack.swift; sourceTree = "<group>"; };
		35B3AFFF1F0DB76300C695C9 /* HealthResistenced20.swift */ = {isa = PBXFileReference; fileEncoding = 4; lastKnownFileType = sourcecode.swift; path = HealthResistenced20.swift; sourceTree = "<group>"; };
		35B3B0021F0DB79E00C695C9 /* d20ConstantStrings.swift */ = {isa = PBXFileReference; fileEncoding = 4; lastKnownFileType = sourcecode.swift; path = d20ConstantStrings.swift; sourceTree = "<group>"; };
		35B3B0051F0DB89D00C695C9 /* Actiond20.swift */ = {isa = PBXFileReference; fileEncoding = 4; lastKnownFileType = sourcecode.swift; path = Actiond20.swift; sourceTree = "<group>"; };
		35D0D9E51F959D7F00954540 /* NewDamageTypeCell.swift */ = {isa = PBXFileReference; lastKnownFileType = sourcecode.swift; path = NewDamageTypeCell.swift; sourceTree = "<group>"; };
		35DD16181F3BE481004B75E8 /* Primitives.swift */ = {isa = PBXFileReference; fileEncoding = 4; lastKnownFileType = sourcecode.swift; path = Primitives.swift; sourceTree = "<group>"; };
		35F5A1D71F266230006898BB /* Toolbar.swift */ = {isa = PBXFileReference; fileEncoding = 4; lastKnownFileType = sourcecode.swift; path = Toolbar.swift; sourceTree = "<group>"; };
		35F5A1D91F266ED8006898BB /* ViewControllerPickerViews.swift */ = {isa = PBXFileReference; fileEncoding = 4; lastKnownFileType = sourcecode.swift; path = ViewControllerPickerViews.swift; sourceTree = "<group>"; };
		35FDF8A81F83084C00BC50E7 /* AddCell.xib */ = {isa = PBXFileReference; lastKnownFileType = file.xib; path = AddCell.xib; sourceTree = "<group>"; };
/* End PBXFileReference section */

/* Begin PBXFrameworksBuildPhase section */
		35B3AFDC1F0DB46600C695C9 /* Frameworks */ = {
			isa = PBXFrameworksBuildPhase;
			buildActionMask = 2147483647;
			files = (
			);
			runOnlyForDeploymentPostprocessing = 0;
		};
/* End PBXFrameworksBuildPhase section */

/* Begin PBXGroup section */
		35419A151F45273000887538 /* Views */ = {
			isa = PBXGroup;
			children = (
				354D0AE21F70910C00064DE4 /* DamageTypeStackView.swift */,
			);
			name = Views;
			sourceTree = "<group>";
		};
		3555C51F1F47C30100C3E304 /* Nibs */ = {
			isa = PBXGroup;
			children = (
				35419A161F45275E00887538 /* CountingCell.xib */,
				3555C51D1F47C2FC00C3E304 /* ActionCell.xib */,
				35FDF8A81F83084C00BC50E7 /* AddCell.xib */,
			);
			name = Nibs;
			sourceTree = "<group>";
		};
		356C15B21F8845E5008FA70C /* Themes */ = {
			isa = PBXGroup;
			children = (
				356C15B31F8845FE008FA70C /* Schemes.swift */,
				356C15B51F8847FC008FA70C /* Schema.swift */,
			);
			name = Themes;
			sourceTree = "<group>";
		};
		3581833F1F2697B400D6EA72 /* Utilities */ = {
			isa = PBXGroup;
			children = (
				3584973E1F30117900B5F70E /* accessorArray.swift */,
			);
			name = Utilities;
			sourceTree = "<group>";
		};
		358497401F302BEC00B5F70E /* Cells */ = {
			isa = PBXGroup;
			children = (
				3555C51F1F47C30100C3E304 /* Nibs */,
				3581833D1F26950600D6EA72 /* ResistanceTableViewCell.swift */,
				352ED0D21F314AC6009999FB /* ActionCollectionViewCell.swift */,
				358AE11F1F355E9200F96FBC /* DamageModCell.swift */,
				35419A181F4528B000887538 /* CountingCell.swift */,
				3571C5861F6A0F9D00DA81F4 /* CharacterSelectCell.swift */,
				358128311F31345400CDB16D /* HealthTrackTableCell.swift */,
				35D0D9E51F959D7F00954540 /* NewDamageTypeCell.swift */,
			);
			name = Cells;
			sourceTree = "<group>";
		};
		358AE11B1F35581E00F96FBC /* ViewControllers */ = {
			isa = PBXGroup;
			children = (
				35B2027F1F1D945900EE02C4 /* CreationViewController.swift */,
				3550BDEB1F20274C00D3987B /* CharacterPageViewController.swift */,
				358128331F31362F00CDB16D /* PlayerViewController.swift */,
				358AE11D1F3558C000F96FBC /* DamageModCreationViewController.swift */,
				3571C5881F6A12BF00DA81F4 /* CharacterSelectViewController.swift */,
			);
			name = ViewControllers;
			sourceTree = "<group>";
		};
		358AE11C1F35583800F96FBC /* Storyboards */ = {
			isa = PBXGroup;
			children = (
				35B3AFEE1F0DB46600C695C9 /* LaunchScreen.storyboard */,
				35B3AFE61F0DB46600C695C9 /* Main.storyboard */,
			);
			name = Storyboards;
			sourceTree = "<group>";
		};
		35B3AFD61F0DB46600C695C9 = {
			isa = PBXGroup;
			children = (
				35B3AFE11F0DB46600C695C9 /* RPG_Health_Tracker */,
				35B3AFE01F0DB46600C695C9 /* Products */,
			);
			sourceTree = "<group>";
		};
		35B3AFE01F0DB46600C695C9 /* Products */ = {
			isa = PBXGroup;
			children = (
				35B3AFDF1F0DB46600C695C9 /* RPG_Health_Tracker.app */,
			);
			name = Products;
			sourceTree = "<group>";
		};
		35B3AFE11F0DB46600C695C9 /* RPG_Health_Tracker */ = {
			isa = PBXGroup;
			children = (
				35B3AFF91F0DB4B100C695C9 /* Classes */,
				35B3AFFB1F0DB4F100C695C9 /* CoreData */,
				35B3B0011F0DB78100C695C9 /* Enums */,
				35F5A1D61F266200006898BB /* Extensions */,
				35B3AFF71F0DB49600C695C9 /* Low-Level */,
				35B3AFFE1F0DB6C300C695C9 /* Strings */,
				35B3AFFA1F0DB4D800C695C9 /* UI */,
				3581833F1F2697B400D6EA72 /* Utilities */,
			);
			path = RPG_Health_Tracker;
			sourceTree = "<group>";
		};
		35B3AFF71F0DB49600C695C9 /* Low-Level */ = {
			isa = PBXGroup;
			children = (
				35B3AFE21F0DB46600C695C9 /* AppDelegate.swift */,
				35B3AFF11F0DB46600C695C9 /* Info.plist */,
				35B3AFEC1F0DB46600C695C9 /* Assets.xcassets */,
			);
			name = "Low-Level";
			sourceTree = "<group>";
		};
		35B3AFF91F0DB4B100C695C9 /* Classes */ = {
			isa = PBXGroup;
			children = (
				35B3AFFC1F0DB64E00C695C9 /* HealthTrack.swift */,
				35B3AFFF1F0DB76300C695C9 /* HealthResistenced20.swift */,
				35B3B0051F0DB89D00C695C9 /* Actiond20.swift */,
				350443841F300B9A0010BB3B /* Player.swift */,
				3581282F1F30FCC000CDB16D /* DamageType.swift */,
				358128351F31367400CDB16D /* CharacterManager(debug).swift */,
				354D0AE41F70AD8A00064DE4 /* DamageTypeCatalogued.swift */,
				3591AEC51F7C837A0033913D /* CharacterBuilder.swift */,
			);
			name = Classes;
			sourceTree = "<group>";
		};
		35B3AFFA1F0DB4D800C695C9 /* UI */ = {
			isa = PBXGroup;
			children = (
				356C15B21F8845E5008FA70C /* Themes */,
				35419A151F45273000887538 /* Views */,
				358497401F302BEC00B5F70E /* Cells */,
				358AE11C1F35583800F96FBC /* Storyboards */,
				358AE11B1F35581E00F96FBC /* ViewControllers */,
			);
			name = UI;
			sourceTree = "<group>";
		};
		35B3AFFB1F0DB4F100C695C9 /* CoreData */ = {
			isa = PBXGroup;
			children = (
				35B3AFE91F0DB46600C695C9 /* RPG_Health_Tracker.xcdatamodeld */,
				3591AEC31F7C7EDC0033913D /* CoreDataManager.swift */,
			);
			name = CoreData;
			sourceTree = "<group>";
		};
		35B3AFFE1F0DB6C300C695C9 /* Strings */ = {
			isa = PBXGroup;
			children = (
				35B3B0021F0DB79E00C695C9 /* d20ConstantStrings.swift */,
			);
			name = Strings;
			sourceTree = "<group>";
		};
		35B3B0011F0DB78100C695C9 /* Enums */ = {
			isa = PBXGroup;
			children = (
				35A7E44B1F104C3F002D6582 /* d20Enums.swift */,
			);
			name = Enums;
			sourceTree = "<group>";
		};
		35F5A1D61F266200006898BB /* Extensions */ = {
			isa = PBXGroup;
			children = (
				35F5A1D71F266230006898BB /* Toolbar.swift */,
				35F5A1D91F266ED8006898BB /* ViewControllerPickerViews.swift */,
				3581833B1F268E7000D6EA72 /* ViewControllerTableView.swift */,
				352ED0D41F314D1C009999FB /* ViewControllerCollectionViews.swift */,
				35DD16181F3BE481004B75E8 /* Primitives.swift */,
				356C15B71F8859D8008FA70C /* Labels.swift */,
			);
			name = Extensions;
			sourceTree = "<group>";
		};
/* End PBXGroup section */

/* Begin PBXNativeTarget section */
		35B3AFDE1F0DB46600C695C9 /* RPG_Health_Tracker */ = {
			isa = PBXNativeTarget;
			buildConfigurationList = 35B3AFF41F0DB46600C695C9 /* Build configuration list for PBXNativeTarget "RPG_Health_Tracker" */;
			buildPhases = (
				35B3AFDB1F0DB46600C695C9 /* Sources */,
				35B3AFDC1F0DB46600C695C9 /* Frameworks */,
				35B3AFDD1F0DB46600C695C9 /* Resources */,
			);
			buildRules = (
			);
			dependencies = (
			);
			name = RPG_Health_Tracker;
			productName = RPG_Health_Tracker;
			productReference = 35B3AFDF1F0DB46600C695C9 /* RPG_Health_Tracker.app */;
			productType = "com.apple.product-type.application";
		};
/* End PBXNativeTarget section */

/* Begin PBXProject section */
		35B3AFD71F0DB46600C695C9 /* Project object */ = {
			isa = PBXProject;
			attributes = {
				LastSwiftUpdateCheck = 0830;
				LastUpgradeCheck = 0900;
				ORGANIZATIONNAME = "steven Hoover";
				TargetAttributes = {
					35B3AFDE1F0DB46600C695C9 = {
						CreatedOnToolsVersion = 8.3.3;
						DevelopmentTeam = 28ZTNYYHAW;
						LastSwiftMigration = 0900;
						ProvisioningStyle = Automatic;
					};
				};
			};
			buildConfigurationList = 35B3AFDA1F0DB46600C695C9 /* Build configuration list for PBXProject "RPG_Health_Tracker" */;
			compatibilityVersion = "Xcode 3.2";
			developmentRegion = English;
			hasScannedForEncodings = 0;
			knownRegions = (
				en,
				Base,
			);
			mainGroup = 35B3AFD61F0DB46600C695C9;
			productRefGroup = 35B3AFE01F0DB46600C695C9 /* Products */;
			projectDirPath = "";
			projectRoot = "";
			targets = (
				35B3AFDE1F0DB46600C695C9 /* RPG_Health_Tracker */,
			);
		};
/* End PBXProject section */

/* Begin PBXResourcesBuildPhase section */
		35B3AFDD1F0DB46600C695C9 /* Resources */ = {
			isa = PBXResourcesBuildPhase;
			buildActionMask = 2147483647;
			files = (
				35B3AFF01F0DB46600C695C9 /* LaunchScreen.storyboard in Resources */,
				35FDF8A91F83084C00BC50E7 /* AddCell.xib in Resources */,
				35B3AFED1F0DB46600C695C9 /* Assets.xcassets in Resources */,
				35419A171F45275E00887538 /* CountingCell.xib in Resources */,
				35B3AFE81F0DB46600C695C9 /* Main.storyboard in Resources */,
				3555C51E1F47C2FC00C3E304 /* ActionCell.xib in Resources */,
			);
			runOnlyForDeploymentPostprocessing = 0;
		};
/* End PBXResourcesBuildPhase section */

/* Begin PBXSourcesBuildPhase section */
		35B3AFDB1F0DB46600C695C9 /* Sources */ = {
			isa = PBXSourcesBuildPhase;
			buildActionMask = 2147483647;
			files = (
				35B3B0001F0DB76300C695C9 /* HealthResistenced20.swift in Sources */,
				35F5A1D81F266230006898BB /* Toolbar.swift in Sources */,
				3584973F1F30117900B5F70E /* accessorArray.swift in Sources */,
				358128321F31345400CDB16D /* HealthTrackTableCell.swift in Sources */,
				35B3AFE31F0DB46600C695C9 /* AppDelegate.swift in Sources */,
				3591AEC61F7C837A0033913D /* CharacterBuilder.swift in Sources */,
				3581833E1F26950600D6EA72 /* ResistanceTableViewCell.swift in Sources */,
				358128341F31362F00CDB16D /* PlayerViewController.swift in Sources */,
				35B3AFEB1F0DB46600C695C9 /* RPG_Health_Tracker.xcdatamodeld in Sources */,
				35B3AFFD1F0DB64E00C695C9 /* HealthTrack.swift in Sources */,
				35D0D9E61F959D7F00954540 /* NewDamageTypeCell.swift in Sources */,
				3571C5871F6A0F9D00DA81F4 /* CharacterSelectCell.swift in Sources */,
				35B202801F1D945900EE02C4 /* CreationViewController.swift in Sources */,
				3550BDEC1F20274C00D3987B /* CharacterPageViewController.swift in Sources */,
				35DD16191F3BE481004B75E8 /* Primitives.swift in Sources */,
				358128361F31367400CDB16D /* CharacterManager(debug).swift in Sources */,
				356C15B61F8847FC008FA70C /* Schema.swift in Sources */,
				3581833C1F268E7000D6EA72 /* ViewControllerTableView.swift in Sources */,
				35B3B0031F0DB79E00C695C9 /* d20ConstantStrings.swift in Sources */,
				358128301F30FCC000CDB16D /* DamageType.swift in Sources */,
				358AE1201F355E9200F96FBC /* DamageModCell.swift in Sources */,
				3591AEC41F7C7EDC0033913D /* CoreDataManager.swift in Sources */,
				35A7E44C1F104C3F002D6582 /* d20Enums.swift in Sources */,
				352ED0D31F314AC6009999FB /* ActionCollectionViewCell.swift in Sources */,
				354D0AE51F70AD8A00064DE4 /* DamageTypeCatalogued.swift in Sources */,
				35B3B0061F0DB89D00C695C9 /* Actiond20.swift in Sources */,
				3571C5891F6A12BF00DA81F4 /* CharacterSelectViewController.swift in Sources */,
				356C15B41F8845FE008FA70C /* Schemes.swift in Sources */,
				350443851F300B9A0010BB3B /* Player.swift in Sources */,
				356C15B81F8859D8008FA70C /* Labels.swift in Sources */,
				35F5A1DA1F266ED8006898BB /* ViewControllerPickerViews.swift in Sources */,
				352ED0D51F314D1C009999FB /* ViewControllerCollectionViews.swift in Sources */,
				358AE11E1F3558C000F96FBC /* DamageModCreationViewController.swift in Sources */,
				354D0AE31F70910C00064DE4 /* DamageTypeStackView.swift in Sources */,
				35419A191F4528B000887538 /* CountingCell.swift in Sources */,
			);
			runOnlyForDeploymentPostprocessing = 0;
		};
/* End PBXSourcesBuildPhase section */

/* Begin PBXVariantGroup section */
		35B3AFE61F0DB46600C695C9 /* Main.storyboard */ = {
			isa = PBXVariantGroup;
			children = (
				35B3AFE71F0DB46600C695C9 /* Base */,
			);
			name = Main.storyboard;
			sourceTree = "<group>";
		};
		35B3AFEE1F0DB46600C695C9 /* LaunchScreen.storyboard */ = {
			isa = PBXVariantGroup;
			children = (
				35B3AFEF1F0DB46600C695C9 /* Base */,
			);
			name = LaunchScreen.storyboard;
			sourceTree = "<group>";
		};
/* End PBXVariantGroup section */

/* Begin XCBuildConfiguration section */
		35B3AFF21F0DB46600C695C9 /* Debug */ = {
			isa = XCBuildConfiguration;
			buildSettings = {
				ALWAYS_SEARCH_USER_PATHS = NO;
				CLANG_ANALYZER_NONNULL = YES;
				CLANG_ANALYZER_NUMBER_OBJECT_CONVERSION = YES_AGGRESSIVE;
				CLANG_CXX_LANGUAGE_STANDARD = "gnu++0x";
				CLANG_CXX_LIBRARY = "libc++";
				CLANG_ENABLE_MODULES = YES;
				CLANG_ENABLE_OBJC_ARC = YES;
				CLANG_WARN_BLOCK_CAPTURE_AUTORELEASING = YES;
				CLANG_WARN_BOOL_CONVERSION = YES;
				CLANG_WARN_COMMA = YES;
				CLANG_WARN_CONSTANT_CONVERSION = YES;
				CLANG_WARN_DIRECT_OBJC_ISA_USAGE = YES_ERROR;
				CLANG_WARN_DOCUMENTATION_COMMENTS = YES;
				CLANG_WARN_EMPTY_BODY = YES;
				CLANG_WARN_ENUM_CONVERSION = YES;
				CLANG_WARN_INFINITE_RECURSION = YES;
				CLANG_WARN_INT_CONVERSION = YES;
				CLANG_WARN_NON_LITERAL_NULL_CONVERSION = YES;
				CLANG_WARN_OBJC_LITERAL_CONVERSION = YES;
				CLANG_WARN_OBJC_ROOT_CLASS = YES_ERROR;
				CLANG_WARN_RANGE_LOOP_ANALYSIS = YES;
				CLANG_WARN_STRICT_PROTOTYPES = YES;
				CLANG_WARN_SUSPICIOUS_MOVE = YES;
				CLANG_WARN_UNREACHABLE_CODE = YES;
				CLANG_WARN__DUPLICATE_METHOD_MATCH = YES;
				"CODE_SIGN_IDENTITY[sdk=iphoneos*]" = "iPhone Developer";
				COPY_PHASE_STRIP = NO;
				DEBUG_INFORMATION_FORMAT = dwarf;
				ENABLE_STRICT_OBJC_MSGSEND = YES;
				ENABLE_TESTABILITY = YES;
				GCC_C_LANGUAGE_STANDARD = gnu99;
				GCC_DYNAMIC_NO_PIC = NO;
				GCC_NO_COMMON_BLOCKS = YES;
				GCC_OPTIMIZATION_LEVEL = 0;
				GCC_PREPROCESSOR_DEFINITIONS = (
					"DEBUG=1",
					"$(inherited)",
				);
				GCC_WARN_64_TO_32_BIT_CONVERSION = YES;
				GCC_WARN_ABOUT_RETURN_TYPE = YES_ERROR;
				GCC_WARN_UNDECLARED_SELECTOR = YES;
				GCC_WARN_UNINITIALIZED_AUTOS = YES_AGGRESSIVE;
				GCC_WARN_UNUSED_FUNCTION = YES;
				GCC_WARN_UNUSED_VARIABLE = YES;
				IPHONEOS_DEPLOYMENT_TARGET = 10.3;
				MTL_ENABLE_DEBUG_INFO = YES;
				ONLY_ACTIVE_ARCH = YES;
				SDKROOT = iphoneos;
				SWIFT_ACTIVE_COMPILATION_CONDITIONS = DEBUG;
				SWIFT_OPTIMIZATION_LEVEL = "-Onone";
			};
			name = Debug;
		};
		35B3AFF31F0DB46600C695C9 /* Release */ = {
			isa = XCBuildConfiguration;
			buildSettings = {
				ALWAYS_SEARCH_USER_PATHS = NO;
				CLANG_ANALYZER_NONNULL = YES;
				CLANG_ANALYZER_NUMBER_OBJECT_CONVERSION = YES_AGGRESSIVE;
				CLANG_CXX_LANGUAGE_STANDARD = "gnu++0x";
				CLANG_CXX_LIBRARY = "libc++";
				CLANG_ENABLE_MODULES = YES;
				CLANG_ENABLE_OBJC_ARC = YES;
				CLANG_WARN_BLOCK_CAPTURE_AUTORELEASING = YES;
				CLANG_WARN_BOOL_CONVERSION = YES;
				CLANG_WARN_COMMA = YES;
				CLANG_WARN_CONSTANT_CONVERSION = YES;
				CLANG_WARN_DIRECT_OBJC_ISA_USAGE = YES_ERROR;
				CLANG_WARN_DOCUMENTATION_COMMENTS = YES;
				CLANG_WARN_EMPTY_BODY = YES;
				CLANG_WARN_ENUM_CONVERSION = YES;
				CLANG_WARN_INFINITE_RECURSION = YES;
				CLANG_WARN_INT_CONVERSION = YES;
				CLANG_WARN_NON_LITERAL_NULL_CONVERSION = YES;
				CLANG_WARN_OBJC_LITERAL_CONVERSION = YES;
				CLANG_WARN_OBJC_ROOT_CLASS = YES_ERROR;
				CLANG_WARN_RANGE_LOOP_ANALYSIS = YES;
				CLANG_WARN_STRICT_PROTOTYPES = YES;
				CLANG_WARN_SUSPICIOUS_MOVE = YES;
				CLANG_WARN_UNREACHABLE_CODE = YES;
				CLANG_WARN__DUPLICATE_METHOD_MATCH = YES;
				"CODE_SIGN_IDENTITY[sdk=iphoneos*]" = "iPhone Developer";
				COPY_PHASE_STRIP = NO;
				DEBUG_INFORMATION_FORMAT = "dwarf-with-dsym";
				ENABLE_NS_ASSERTIONS = NO;
				ENABLE_STRICT_OBJC_MSGSEND = YES;
				GCC_C_LANGUAGE_STANDARD = gnu99;
				GCC_NO_COMMON_BLOCKS = YES;
				GCC_WARN_64_TO_32_BIT_CONVERSION = YES;
				GCC_WARN_ABOUT_RETURN_TYPE = YES_ERROR;
				GCC_WARN_UNDECLARED_SELECTOR = YES;
				GCC_WARN_UNINITIALIZED_AUTOS = YES_AGGRESSIVE;
				GCC_WARN_UNUSED_FUNCTION = YES;
				GCC_WARN_UNUSED_VARIABLE = YES;
				IPHONEOS_DEPLOYMENT_TARGET = 10.3;
				MTL_ENABLE_DEBUG_INFO = NO;
				SDKROOT = iphoneos;
				SWIFT_OPTIMIZATION_LEVEL = "-Owholemodule";
				VALIDATE_PRODUCT = YES;
			};
			name = Release;
		};
		35B3AFF51F0DB46600C695C9 /* Debug */ = {
			isa = XCBuildConfiguration;
			buildSettings = {
				ASSETCATALOG_COMPILER_APPICON_NAME = AppIcon;
				DEVELOPMENT_TEAM = 28ZTNYYHAW;
				INFOPLIST_FILE = RPG_Health_Tracker/Info.plist;
				LD_RUNPATH_SEARCH_PATHS = "$(inherited) @executable_path/Frameworks";
				PRODUCT_BUNDLE_IDENTIFIER = "Hoover-Apps.RPG-Health-Tracker";
				PRODUCT_NAME = "$(TARGET_NAME)";
				SWIFT_SWIFT3_OBJC_INFERENCE = On;
				SWIFT_VERSION = 4.0;
			};
			name = Debug;
		};
		35B3AFF61F0DB46600C695C9 /* Release */ = {
			isa = XCBuildConfiguration;
			buildSettings = {
				ASSETCATALOG_COMPILER_APPICON_NAME = AppIcon;
				DEVELOPMENT_TEAM = 28ZTNYYHAW;
				INFOPLIST_FILE = RPG_Health_Tracker/Info.plist;
				LD_RUNPATH_SEARCH_PATHS = "$(inherited) @executable_path/Frameworks";
				PRODUCT_BUNDLE_IDENTIFIER = "Hoover-Apps.RPG-Health-Tracker";
				PRODUCT_NAME = "$(TARGET_NAME)";
				SWIFT_SWIFT3_OBJC_INFERENCE = On;
				SWIFT_VERSION = 4.0;
			};
			name = Release;
		};
/* End XCBuildConfiguration section */

/* Begin XCConfigurationList section */
		35B3AFDA1F0DB46600C695C9 /* Build configuration list for PBXProject "RPG_Health_Tracker" */ = {
			isa = XCConfigurationList;
			buildConfigurations = (
				35B3AFF21F0DB46600C695C9 /* Debug */,
				35B3AFF31F0DB46600C695C9 /* Release */,
			);
			defaultConfigurationIsVisible = 0;
			defaultConfigurationName = Release;
		};
		35B3AFF41F0DB46600C695C9 /* Build configuration list for PBXNativeTarget "RPG_Health_Tracker" */ = {
			isa = XCConfigurationList;
			buildConfigurations = (
				35B3AFF51F0DB46600C695C9 /* Debug */,
				35B3AFF61F0DB46600C695C9 /* Release */,
			);
			defaultConfigurationIsVisible = 0;
			defaultConfigurationName = Release;
		};
/* End XCConfigurationList section */

/* Begin XCVersionGroup section */
		35B3AFE91F0DB46600C695C9 /* RPG_Health_Tracker.xcdatamodeld */ = {
			isa = XCVersionGroup;
			children = (
				35B3AFEA1F0DB46600C695C9 /* RPG_Health_Tracker.xcdatamodel */,
			);
			currentVersion = 35B3AFEA1F0DB46600C695C9 /* RPG_Health_Tracker.xcdatamodel */;
			path = RPG_Health_Tracker.xcdatamodeld;
			sourceTree = "<group>";
			versionGroupType = wrapper.xcdatamodel;
		};
/* End XCVersionGroup section */
	};
	rootObject = 35B3AFD71F0DB46600C695C9 /* Project object */;
}
